
Microsoft Visual Studio Solution File, Format Version 12.00
# Visual Studio Version 16
VisualStudioVersion = 16.0.30717.126
MinimumVisualStudioVersion = 10.0.40219.1
Project("{FAE04EC0-301F-11D3-BF4B-00C04F79EFBC}") = "5_004_Musei", "5_004_Musei\5_004_Musei.csproj", "{FE0531A7-F0BC-4594-A6B0-2A5270ADD691}"
EndProject
Global
	GlobalSection(SolutionConfigurationPlatforms) = preSolution
		Debug|Any CPU = Debug|Any CPU
		Release|Any CPU = Release|Any CPU
	EndGlobalSection
	GlobalSection(ProjectConfigurationPlatforms) = postSolution
		{FE0531A7-F0BC-4594-A6B0-2A5270ADD691}.Debug|Any CPU.ActiveCfg = Debug|Any CPU
		{FE0531A7-F0BC-4594-A6B0-2A5270ADD691}.Debug|Any CPU.Build.0 = Debug|Any CPU
		{FE0531A7-F0BC-4594-A6B0-2A5270ADD691}.Release|Any CPU.ActiveCfg = Release|Any CPU
		{FE0531A7-F0BC-4594-A6B0-2A5270ADD691}.Release|Any CPU.Build.0 = Release|Any CPU
	EndGlobalSection
	GlobalSection(SolutionProperties) = preSolution
		HideSolutionNode = FALSE
	EndGlobalSection
	GlobalSection(ExtensibilityGlobals) = postSolution
		SolutionGuid = {FE9E1FB9-9CE9-4EE5-BD98-CA02798CF215}
	EndGlobalSection
EndGlobal
