
Microsoft Visual Studio Solution File, Format Version 12.00
# Visual Studio Version 16
VisualStudioVersion = 16.0.30717.126
MinimumVisualStudioVersion = 10.0.40219.1
Project("{FAE04EC0-301F-11D3-BF4B-00C04F79EFBC}") = "5_005_Auto", "5_005_Auto\5_005_Auto.csproj", "{15811B19-CAA8-44A6-ACDF-B39CBCCF9470}"
EndProject
Global
	GlobalSection(SolutionConfigurationPlatforms) = preSolution
		Debug|Any CPU = Debug|Any CPU
		Release|Any CPU = Release|Any CPU
	EndGlobalSection
	GlobalSection(ProjectConfigurationPlatforms) = postSolution
		{15811B19-CAA8-44A6-ACDF-B39CBCCF9470}.Debug|Any CPU.ActiveCfg = Debug|Any CPU
		{15811B19-CAA8-44A6-ACDF-B39CBCCF9470}.Debug|Any CPU.Build.0 = Debug|Any CPU
		{15811B19-CAA8-44A6-ACDF-B39CBCCF9470}.Release|Any CPU.ActiveCfg = Release|Any CPU
		{15811B19-CAA8-44A6-ACDF-B39CBCCF9470}.Release|Any CPU.Build.0 = Release|Any CPU
	EndGlobalSection
	GlobalSection(SolutionProperties) = preSolution
		HideSolutionNode = FALSE
	EndGlobalSection
	GlobalSection(ExtensibilityGlobals) = postSolution
		SolutionGuid = {3D54B7BB-DF33-4F32-BE97-931744E4C03C}
	EndGlobalSection
EndGlobal
